{
  "name": "defi-core",
  "version": "1.0.0",
  "lockfileVersion": 3,
  "requires": true,
  "packages": {
    "": {
      "name": "defi-core",
      "version": "1.0.0",
      "license": "ISC",
      "dependencies": {
        "@zk-kit/imt.sol": "^2.0.0-beta.12",
        "@zk-kit/lean-imt.sol": "^2.0.1"
      }
    },
    "node_modules/@zk-kit/imt.sol": {
      "version": "2.0.0-beta.12",
      "resolved": "https://registry.npmjs.org/@zk-kit/imt.sol/-/imt.sol-2.0.0-beta.12.tgz",
      "integrity": "sha512-kKgopVO6zlfSiQgv3X9WykaCeyb8jGtthWGqdo1ZD7fY1bH8A7BWhhWxtoCuU5mPEgRbamw1cAoUynuLoEULsg==",
      "license": "MIT",
      "dependencies": {
        "poseidon-solidity": "0.0.5"
      }
    },
    "node_modules/@zk-kit/lean-imt.sol": {
      "version": "2.0.1",
      "resolved": "https://registry.npmjs.org/@zk-kit/lean-imt.sol/-/lean-imt.sol-2.0.1.tgz",
      "integrity": "sha512-2dy/wfzch2vy5QtDCFmQwN7E4GZP0xBcucTb2mfZoJP5V69cjPRdy6KcbS0YOcBMH/Lb7BgXLsekRYjh9JNKEw==",
      "license": "MIT",
      "dependencies": {
        "poseidon-solidity": "0.0.5"
      }
    },
    "node_modules/poseidon-solidity": {
      "version": "0.0.5",
      "resolved": "https://registry.npmjs.org/poseidon-solidity/-/poseidon-solidity-0.0.5.tgz",
      "integrity": "sha512-NzrvSwHzvZgT4hvg2GyGqeR+UOU/eLSEt4wAoXEua+VaR7NTKKwx1X9bPlh1VMBEVEno+IWvkRBbidFGzTeAqQ==",
      "license": "MIT"
    }
  }
}
